{
  "requires": true,
  "lockfileVersion": 1,
  "dependencies": {
    "@ethersproject/abi": {
      "version": "5.0.8",
      "resolved": "https://registry.npmjs.org/@ethersproject/abi/-/abi-5.0.8.tgz",
      "integrity": "sha512-QiWzNybzepEmFfwxqEOoUm9i8G5fBuxMiiMcyUwXqywKtktbhNHpUbfOapMkEvPB8VgefzaUf1vHDSqC2Dc8Eg==",
      "requires": {
        "@ethersproject/address": "^5.0.4",
        "@ethersproject/bignumber": "^5.0.7",
        "@ethersproject/bytes": "^5.0.4",
        "@ethersproject/constants": "^5.0.4",
        "@ethersproject/hash": "^5.0.4",
        "@ethersproject/keccak256": "^5.0.3",
        "@ethersproject/logger": "^5.0.5",
        "@ethersproject/properties": "^5.0.3",
        "@ethersproject/strings": "^5.0.4"
      }
    },
    "@ethersproject/abstract-provider": {
      "version": "5.0.6",
      "resolved": "https://registry.npmjs.org/@ethersproject/abstract-provider/-/abstract-provider-5.0.6.tgz",
      "integrity": "sha512-3GJjD+wM8J160XFiTMkDu1UFV9uA1OdbMUI0aYy1CFepxYGSh9vY12bsbiYiTJLXQ86usvSBK6OA9U7IqmKZVw==",
      "requires": {
        "@ethersproject/bignumber": "^5.0.7",
        "@ethersproject/bytes": "^5.0.4",
        "@ethersproject/logger": "^5.0.5",
        "@ethersproject/networks": "^5.0.3",
        "@ethersproject/properties": "^5.0.3",
        "@ethersproject/transactions": "^5.0.5",
        "@ethersproject/web": "^5.0.6"
      }
    },
    "@ethersproject/abstract-signer": {
      "version": "5.0.8",
      "resolved": "https://registry.npmjs.org/@ethersproject/abstract-signer/-/abstract-signer-5.0.8.tgz",
      "integrity": "sha512-Q5ZJtxs5txKBfTbdXRI4n6Nn4EJlKg3zA22S4Eg+P3hIZ+cXoLoK9CnA1GeKMRHJiDBqECnWqeQl+yyGR7D+jg==",
      "requires": {
        "@ethersproject/abstract-provider": "^5.0.4",
        "@ethersproject/bignumber": "^5.0.7",
        "@ethersproject/bytes": "^5.0.4",
        "@ethersproject/logger": "^5.0.5",
        "@ethersproject/properties": "^5.0.3"
      }
    },
    "@ethersproject/address": {
      "version": "5.0.7",
      "resolved": "https://registry.npmjs.org/@ethersproject/address/-/address-5.0.7.tgz",
      "integrity": "sha512-+63DiYG+2og6rFNvQmLlLw8i5LtyT65n+jtHd06Ic81rLHc+JUKRpeZFhBa+gqh9f+P8V0xtKR5NI/EHXOfgSw==",
      "requires": {
        "@ethersproject/bignumber": "^5.0.10",
        "@ethersproject/bytes": "^5.0.4",
        "@ethersproject/keccak256": "^5.0.3",
        "@ethersproject/logger": "^5.0.5",
        "@ethersproject/rlp": "^5.0.3"
      }
    },
    "@ethersproject/base64": {
      "version": "5.0.5",
      "resolved": "https://registry.npmjs.org/@ethersproject/base64/-/base64-5.0.5.tgz",
      "integrity": "sha512-4GJ9InM+zDDiiejPG/TrNGXVgD8D4BClEfJ3w45+ufyFA7QDT3gkAy+SdmmQCGAEBB+79MmXMLFq7TNtDM2DaA==",
      "requires": {
        "@ethersproject/bytes": "^5.0.4"
      }
    },
    "@ethersproject/basex": {
      "version": "5.0.5",
      "resolved": "https://registry.npmjs.org/@ethersproject/basex/-/basex-5.0.5.tgz",
      "integrity": "sha512-Echs7nWq1K/HqDaxnT0nJ2Qe5uXH5v/L6AdKVlH+FQ0FrRAMl0XgWoWECsYo9lt16/Pk4wiMksLvVEW8djluEg==",
      "requires": {
        "@ethersproject/bytes": "^5.0.4",
        "@ethersproject/properties": "^5.0.3"
      }
    },
    "@ethersproject/bignumber": {
      "version": "5.0.10",
      "resolved": "https://registry.npmjs.org/@ethersproject/bignumber/-/bignumber-5.0.10.tgz",
      "integrity": "sha512-1b3bMe+PCjx6xI5IINzaWtNZEKtwq2guVrhuwRqQmHEsAgKDK+UMckXYsu0CwMwRsQoeq+sNuCWd64pCxkBqMw==",
      "requires": {
        "@ethersproject/bytes": "^5.0.4",
        "@ethersproject/logger": "^5.0.5",
        "bn.js": "^4.4.0"
      }
    },
    "@ethersproject/bytes": {
      "version": "5.0.6",
      "resolved": "https://registry.npmjs.org/@ethersproject/bytes/-/bytes-5.0.6.tgz",
      "integrity": "sha512-axEmVeVy5IS0Sg46fNk4mygMm96uGd/15b6zmMu53w0NpHmOC/GYfpqMBHYxavjFYN+LUL7vVwgpbIFYGO2QHA==",
      "requires": {
        "@ethersproject/logger": "^5.0.5"
      }
    },
    "@ethersproject/constants": {
      "version": "5.0.6",
      "resolved": "https://registry.npmjs.org/@ethersproject/constants/-/constants-5.0.6.tgz",
      "integrity": "sha512-ioBMaUsVb2+C8UVAHUpfrrkNtFEcAYNaZSf79Lw7VhjFRY5f1ImWGqSZhJb4/wKxaw0RIYLW7ZriDgcx2YMwWA==",
      "requires": {
        "@ethersproject/bignumber": "^5.0.7"
      }
    },
    "@ethersproject/contracts": {
      "version": "5.0.7",
      "resolved": "https://registry.npmjs.org/@ethersproject/contracts/-/contracts-5.0.7.tgz",
      "integrity": "sha512-JFk+2yckhQQg6poCS2FQHtUnPpwE+U3MuoMV6pAyYXLidrQ7h2OU4nqJ/evO0Lo42oUtVc4vWn+1Nv5dDF8kKg==",
      "requires": {
        "@ethersproject/abi": "^5.0.5",
        "@ethersproject/abstract-provider": "^5.0.4",
        "@ethersproject/abstract-signer": "^5.0.4",
        "@ethersproject/address": "^5.0.4",
        "@ethersproject/bignumber": "^5.0.7",
        "@ethersproject/bytes": "^5.0.4",
        "@ethersproject/constants": "^5.0.4",
        "@ethersproject/logger": "^5.0.5",
        "@ethersproject/properties": "^5.0.3"
      }
    },
    "@ethersproject/hash": {
      "version": "5.0.7",
      "resolved": "https://registry.npmjs.org/@ethersproject/hash/-/hash-5.0.7.tgz",
      "integrity": "sha512-vYuRJRTAGHcYqQFAxxCgDpJtJv4aGC5TQm5NDZat/55BeLGLmH90ftJG1ldv7MhzGRxBPJtpqSHzJDizB6VKoA==",
      "requires": {
        "@ethersproject/abstract-signer": "^5.0.6",
        "@ethersproject/address": "^5.0.5",
        "@ethersproject/bignumber": "^5.0.8",
        "@ethersproject/bytes": "^5.0.4",
        "@ethersproject/keccak256": "^5.0.3",
        "@ethersproject/logger": "^5.0.5",
        "@ethersproject/properties": "^5.0.4",
        "@ethersproject/strings": "^5.0.4"
      }
    },
    "@ethersproject/hdnode": {
      "version": "5.0.6",
      "resolved": "https://registry.npmjs.org/@ethersproject/hdnode/-/hdnode-5.0.6.tgz",
      "integrity": "sha512-cS2xZJZP7Tsaz695U0G3gdTYZatmSjHWY/VQGVc/E1DnLSBz0ZfQaikhU5uzDNLYaOfcEKd7helezrsfU2xguw==",
      "requires": {
        "@ethersproject/abstract-signer": "^5.0.4",
        "@ethersproject/basex": "^5.0.3",
        "@ethersproject/bignumber": "^5.0.7",
        "@ethersproject/bytes": "^5.0.4",
        "@ethersproject/logger": "^5.0.5",
        "@ethersproject/pbkdf2": "^5.0.3",
        "@ethersproject/properties": "^5.0.3",
        "@ethersproject/sha2": "^5.0.3",
        "@ethersproject/signing-key": "^5.0.4",
        "@ethersproject/strings": "^5.0.4",
        "@ethersproject/transactions": "^5.0.5",
        "@ethersproject/wordlists": "^5.0.4"
      }
    },
    "@ethersproject/json-wallets": {
      "version": "5.0.8",
      "resolved": "https://registry.npmjs.org/@ethersproject/json-wallets/-/json-wallets-5.0.8.tgz",
      "integrity": "sha512-henOyQpUTfjI7JLCnEgMR+FYrj2VcGgLNjDSUmhOlGWagrvB9LPH/7MJaXr+GxBuPIRe8pkrD0hjIDD+PMMAZA==",
      "requires": {
        "@ethersproject/abstract-signer": "^5.0.4",
        "@ethersproject/address": "^5.0.4",
        "@ethersproject/bytes": "^5.0.4",
        "@ethersproject/hdnode": "^5.0.4",
        "@ethersproject/keccak256": "^5.0.3",
        "@ethersproject/logger": "^5.0.5",
        "@ethersproject/pbkdf2": "^5.0.3",
        "@ethersproject/properties": "^5.0.3",
        "@ethersproject/random": "^5.0.3",
        "@ethersproject/strings": "^5.0.4",
        "@ethersproject/transactions": "^5.0.5",
        "aes-js": "3.0.0",
        "scrypt-js": "3.0.1"
      }
    },
    "@ethersproject/keccak256": {
      "version": "5.0.5",
      "resolved": "https://registry.npmjs.org/@ethersproject/keccak256/-/keccak256-5.0.5.tgz",
      "integrity": "sha512-9hXXp113jW5yPf27krofmnZ26u5SXsmuvrMTUuXyVdIDIJDLGorVyB2bBiWwENVok92E4WDnfAZHG+A+E6TCMQ==",
      "requires": {
        "@ethersproject/bytes": "^5.0.4",
        "js-sha3": "0.5.7"
      }
    },
    "@ethersproject/logger": {
      "version": "5.0.7",
      "resolved": "https://registry.npmjs.org/@ethersproject/logger/-/logger-5.0.7.tgz",
      "integrity": "sha512-1wl+kDTPdDptpQdrkTmImubygUf0mVeo0I/p8d21qdzT16h/GnoJWt7q6Kt0xvTfcI7Jv4kryskxI2xV++w5Hg=="
    },
    "@ethersproject/networks": {
      "version": "5.0.5",
      "resolved": "https://registry.npmjs.org/@ethersproject/networks/-/networks-5.0.5.tgz",
      "integrity": "sha512-DEcGEoRPtpbM+no9JmpwdCVVQELqYhP42BKArLsqps6nIEqOInWnjfpXfEss+nTrBp3zDrL4KNfOe7mS96C/mQ==",
      "requires": {
        "@ethersproject/logger": "^5.0.5"
      }
    },
    "@ethersproject/pbkdf2": {
      "version": "5.0.5",
      "resolved": "https://registry.npmjs.org/@ethersproject/pbkdf2/-/pbkdf2-5.0.5.tgz",
      "integrity": "sha512-cIi1idxnAE0mN0BqVAZ3/QDfAtl6fY2uvHgzjKmUwKt0+DR5Vsmo9vomSXxMm3zcoh4MyaPSc5XvU5GkPpOXKg==",
      "requires": {
        "@ethersproject/bytes": "^5.0.4",
        "@ethersproject/sha2": "^5.0.3"
      }
    },
    "@ethersproject/properties": {
      "version": "5.0.5",
      "resolved": "https://registry.npmjs.org/@ethersproject/properties/-/properties-5.0.5.tgz",
      "integrity": "sha512-2HwajwTUwlrOsiLVyyxiS4oP0a4xBNi1i90/kDJESmtlDmf2DkrY6qjBssa9YnWoEH34N/ZpLFVndimIrlo8kg==",
      "requires": {
        "@ethersproject/logger": "^5.0.5"
      }
    },
    "@ethersproject/providers": {
      "version": "5.0.15",
      "resolved": "https://registry.npmjs.org/@ethersproject/providers/-/providers-5.0.15.tgz",
      "integrity": "sha512-9SrJkIQiqq9tDHQhUG6rKG0YApra0ByVINSJq8A33JvBhYlyYsFXofdy8S2FzzZRXwNAo90f44q+Pfi9stiB6A==",
      "requires": {
        "@ethersproject/abstract-provider": "^5.0.4",
        "@ethersproject/abstract-signer": "^5.0.4",
        "@ethersproject/address": "^5.0.4",
        "@ethersproject/basex": "^5.0.3",
        "@ethersproject/bignumber": "^5.0.7",
        "@ethersproject/bytes": "^5.0.4",
        "@ethersproject/constants": "^5.0.4",
        "@ethersproject/hash": "^5.0.4",
        "@ethersproject/logger": "^5.0.5",
        "@ethersproject/networks": "^5.0.3",
        "@ethersproject/properties": "^5.0.3",
        "@ethersproject/random": "^5.0.3",
        "@ethersproject/rlp": "^5.0.3",
        "@ethersproject/sha2": "^5.0.3",
        "@ethersproject/strings": "^5.0.4",
        "@ethersproject/transactions": "^5.0.5",
        "@ethersproject/web": "^5.0.6",
        "bech32": "1.1.4",
        "ws": "7.2.3"
      }
    },
    "@ethersproject/random": {
      "version": "5.0.5",
      "resolved": "https://registry.npmjs.org/@ethersproject/random/-/random-5.0.5.tgz",
      "integrity": "sha512-MZU+W03FVEKeiKb9w/guTMiBa17Wub6mTNeVLQk8Nte/7onXt8iRgdPGoXquXhyM6lqL8PsxeunFYYa6azr0rA==",
      "requires": {
        "@ethersproject/bytes": "^5.0.4",
        "@ethersproject/logger": "^5.0.5"
      }
    },
    "@ethersproject/rlp": {
      "version": "5.0.5",
      "resolved": "https://registry.npmjs.org/@ethersproject/rlp/-/rlp-5.0.5.tgz",
      "integrity": "sha512-RAUhk5+VH2UquTawgf7eK1i4Qbbzt0Ky6M27Q9JniRx0SBqmTkbKx/iXRZN/0x9vqQJhT596Z3vVevhqSa+GPQ==",
      "requires": {
        "@ethersproject/bytes": "^5.0.4",
        "@ethersproject/logger": "^5.0.5"
      }
    },
    "@ethersproject/sha2": {
      "version": "5.0.5",
      "resolved": "https://registry.npmjs.org/@ethersproject/sha2/-/sha2-5.0.5.tgz",
      "integrity": "sha512-DbBlEtWc6ssQbbN61Jc5XOYcXPkkPr3lPAj+v4kqZ5MIJN2mHk8B9+oCoArp/uDqFXuJlpSze19p/kdSDOljKQ==",
      "requires": {
        "@ethersproject/bytes": "^5.0.4",
        "@ethersproject/logger": "^5.0.5",
        "hash.js": "1.1.3"
      },
      "dependencies": {
        "hash.js": {
          "version": "1.1.3",
          "resolved": "https://registry.npmjs.org/hash.js/-/hash.js-1.1.3.tgz",
          "integrity": "sha512-/UETyP0W22QILqS+6HowevwhEFJ3MBJnwTf75Qob9Wz9t0DPuisL8kW8YZMK62dHAKE1c1p+gY1TtOLY+USEHA==",
          "requires": {
            "inherits": "^2.0.3",
            "minimalistic-assert": "^1.0.0"
          }
        }
      }
    },
    "@ethersproject/signing-key": {
      "version": "5.0.6",
      "resolved": "https://registry.npmjs.org/@ethersproject/signing-key/-/signing-key-5.0.6.tgz",
      "integrity": "sha512-KjyePQsh+L6BwmPWD5JoXCrRGjNfYSD5YeXQhy6YWQeMAfG0+WMG7U2SKzl+DWM+8/Ymat3s6o3U2GLXhGrcMg==",
      "requires": {
        "@ethersproject/bytes": "^5.0.4",
        "@ethersproject/logger": "^5.0.5",
        "@ethersproject/properties": "^5.0.3",
        "elliptic": "6.5.3"
      }
    },
    "@ethersproject/solidity": {
      "version": "5.0.6",
      "resolved": "https://registry.npmjs.org/@ethersproject/solidity/-/solidity-5.0.6.tgz",
      "integrity": "sha512-77bse7hVwv79QDRFg+rtahg1pcpIx6JKoRlctZOP+ePd0pSSP4/0uJMsJ9bL+CLOLtQEAd/bgvxs9OUbe7DQtw==",
      "requires": {
        "@ethersproject/bignumber": "^5.0.7",
        "@ethersproject/bytes": "^5.0.4",
        "@ethersproject/keccak256": "^5.0.3",
        "@ethersproject/sha2": "^5.0.3",
        "@ethersproject/strings": "^5.0.4"
      }
    },
    "@ethersproject/strings": {
      "version": "5.0.6",
      "resolved": "https://registry.npmjs.org/@ethersproject/strings/-/strings-5.0.6.tgz",
      "integrity": "sha512-eJf0TKk/X2MvR3OSaOsS4XhKkWTi4p7YrZp2P1DaiTP+xsxizMYI1Ds5VUB4DH4RIseUe4Sbf6eN2dfG+fhW2w==",
      "requires": {
        "@ethersproject/bytes": "^5.0.4",
        "@ethersproject/constants": "^5.0.4",
        "@ethersproject/logger": "^5.0.5"
      }
    },
    "@ethersproject/transactions": {
      "version": "5.0.7",
      "resolved": "https://registry.npmjs.org/@ethersproject/transactions/-/transactions-5.0.7.tgz",
      "integrity": "sha512-U7dyBMQ73lHUoAnp3fdcfhgvJwcow88b0/q7Fl6Id21/Ll7Dxe7qrWjR6pH6XTKV+h2a74o/pJS7CxNiwahaHw==",
      "requires": {
        "@ethersproject/address": "^5.0.4",
        "@ethersproject/bignumber": "^5.0.7",
        "@ethersproject/bytes": "^5.0.4",
        "@ethersproject/constants": "^5.0.4",
        "@ethersproject/keccak256": "^5.0.3",
        "@ethersproject/logger": "^5.0.5",
        "@ethersproject/properties": "^5.0.3",
        "@ethersproject/rlp": "^5.0.3",
        "@ethersproject/signing-key": "^5.0.4"
      }
    },
    "@ethersproject/units": {
      "version": "5.0.7",
      "resolved": "https://registry.npmjs.org/@ethersproject/units/-/units-5.0.7.tgz",
      "integrity": "sha512-7j4uajJhMaWN5/k/rjPl5W8iOGNn/hBButIERfpbopo+je95sm4YfveFCrEhHGvNTJcRbNo/doy5mKSldvTiog==",
      "requires": {
        "@ethersproject/bignumber": "^5.0.7",
        "@ethersproject/constants": "^5.0.4",
        "@ethersproject/logger": "^5.0.5"
      }
    },
    "@ethersproject/wallet": {
      "version": "5.0.8",
      "resolved": "https://registry.npmjs.org/@ethersproject/wallet/-/wallet-5.0.8.tgz",
      "integrity": "sha512-sraAhJPuuvcfqh/Af1nkQzyozUb9yyQGtNEwcDgU4bzIoltnFpr3CzPoXN6QIxh/bKCYq2LG5++Jui2hjIIPuw==",
      "requires": {
        "@ethersproject/abstract-provider": "^5.0.4",
        "@ethersproject/abstract-signer": "^5.0.4",
        "@ethersproject/address": "^5.0.4",
        "@ethersproject/bignumber": "^5.0.7",
        "@ethersproject/bytes": "^5.0.4",
        "@ethersproject/hash": "^5.0.4",
        "@ethersproject/hdnode": "^5.0.4",
        "@ethersproject/json-wallets": "^5.0.6",
        "@ethersproject/keccak256": "^5.0.3",
        "@ethersproject/logger": "^5.0.5",
        "@ethersproject/properties": "^5.0.3",
        "@ethersproject/random": "^5.0.3",
        "@ethersproject/signing-key": "^5.0.4",
        "@ethersproject/transactions": "^5.0.5",
        "@ethersproject/wordlists": "^5.0.4"
      }
    },
    "@ethersproject/web": {
      "version": "5.0.10",
      "resolved": "https://registry.npmjs.org/@ethersproject/web/-/web-5.0.10.tgz",
      "integrity": "sha512-j49TbzUJBggILUuZahNXG59ugktjfCJyJfNhmC068DwIG0k+ygYK2BV1CWP3uuh7H2DHZ6LMLC+IsWWKb8MDlA==",
      "requires": {
        "@ethersproject/base64": "^5.0.3",
        "@ethersproject/bytes": "^5.0.4",
        "@ethersproject/logger": "^5.0.5",
        "@ethersproject/properties": "^5.0.3",
        "@ethersproject/strings": "^5.0.4"
      }
    },
    "@ethersproject/wordlists": {
      "version": "5.0.6",
      "resolved": "https://registry.npmjs.org/@ethersproject/wordlists/-/wordlists-5.0.6.tgz",
      "integrity": "sha512-dEs2DW+YcX/2y5zpAf9KF72zOtzlPbjG80LQlwX/YXoFH8eJpvaQyXJUHceeJhJBw8B6bgF6Ps9jW7VuGPrf6Q==",
      "requires": {
        "@ethersproject/bytes": "^5.0.4",
        "@ethersproject/hash": "^5.0.4",
        "@ethersproject/logger": "^5.0.5",
        "@ethersproject/properties": "^5.0.3",
        "@ethersproject/strings": "^5.0.4"
      }
    },
    "aes-js": {
      "version": "3.0.0",
      "resolved": "https://registry.npmjs.org/aes-js/-/aes-js-3.0.0.tgz",
      "integrity": "sha1-4h3xCtbCBTKVvLuNq0Cwnb6ofk0="
    },
    "bech32": {
      "version": "1.1.4",
      "resolved": "https://registry.npmjs.org/bech32/-/bech32-1.1.4.tgz",
      "integrity": "sha512-s0IrSOzLlbvX7yp4WBfPITzpAU8sqQcpsmwXDiKwrG4r491vwCO/XpejasRNl0piBMe/DvP4Tz0mIS/X1DPJBQ=="
    },
    "bn.js": {
      "version": "4.11.9",
      "resolved": "https://registry.npmjs.org/bn.js/-/bn.js-4.11.9.tgz",
      "integrity": "sha512-E6QoYqCKZfgatHTdHzs1RRKP7ip4vvm+EyRUeE2RF0NblwVvb0p6jSVeNTOFxPn26QXN2o6SMfNxKp6kU8zQaw=="
    },
    "brorand": {
      "version": "1.1.0",
      "resolved": "https://registry.npmjs.org/brorand/-/brorand-1.1.0.tgz",
      "integrity": "sha1-EsJe/kCkXjwyPrhnWgoM5XsiNx8="
    },
    "elliptic": {
      "version": "6.5.3",
      "resolved": "https://registry.npmjs.org/elliptic/-/elliptic-6.5.3.tgz",
      "integrity": "sha512-IMqzv5wNQf+E6aHeIqATs0tOLeOTwj1QKbRcS3jBbYkl5oLAserA8yJTT7/VyHUYG91PRmPyeQDObKLPpeS4dw==",
      "requires": {
        "bn.js": "^4.4.0",
        "brorand": "^1.0.1",
        "hash.js": "^1.0.0",
        "hmac-drbg": "^1.0.0",
        "inherits": "^2.0.1",
        "minimalistic-assert": "^1.0.0",
        "minimalistic-crypto-utils": "^1.0.0"
      }
    },
    "ethers": {
      "version": "5.0.21",
      "resolved": "https://registry.npmjs.org/ethers/-/ethers-5.0.21.tgz",
      "integrity": "sha512-e57K+CF1y+6rBtAgqcVRSv1/XMY6PEzzly2iwvogjh0+9Z44GynHwb9++xwSMed5Ntz4i4ZB1fF3vWYDNK2q7w==",
      "requires": {
        "@ethersproject/abi": "5.0.8",
        "@ethersproject/abstract-provider": "5.0.6",
        "@ethersproject/abstract-signer": "5.0.8",
        "@ethersproject/address": "5.0.7",
        "@ethersproject/base64": "5.0.5",
        "@ethersproject/basex": "5.0.5",
        "@ethersproject/bignumber": "5.0.10",
        "@ethersproject/bytes": "5.0.6",
        "@ethersproject/constants": "5.0.6",
        "@ethersproject/contracts": "5.0.7",
        "@ethersproject/hash": "5.0.7",
        "@ethersproject/hdnode": "5.0.6",
        "@ethersproject/json-wallets": "5.0.8",
        "@ethersproject/keccak256": "5.0.5",
        "@ethersproject/logger": "5.0.7",
        "@ethersproject/networks": "5.0.5",
        "@ethersproject/pbkdf2": "5.0.5",
        "@ethersproject/properties": "5.0.5",
        "@ethersproject/providers": "5.0.15",
        "@ethersproject/random": "5.0.5",
        "@ethersproject/rlp": "5.0.5",
        "@ethersproject/sha2": "5.0.5",
        "@ethersproject/signing-key": "5.0.6",
        "@ethersproject/solidity": "5.0.6",
        "@ethersproject/strings": "5.0.6",
        "@ethersproject/transactions": "5.0.7",
        "@ethersproject/units": "5.0.7",
        "@ethersproject/wallet": "5.0.8",
        "@ethersproject/web": "5.0.10",
        "@ethersproject/wordlists": "5.0.6"
      }
    },
    "hash.js": {
      "version": "1.1.7",
      "resolved": "https://registry.npmjs.org/hash.js/-/hash.js-1.1.7.tgz",
      "integrity": "sha512-taOaskGt4z4SOANNseOviYDvjEJinIkRgmp7LbKP2YTTmVxWBl87s/uzK9r+44BclBSp2X7K1hqeNfz9JbBeXA==",
      "requires": {
        "inherits": "^2.0.3",
        "minimalistic-assert": "^1.0.1"
      }
    },
    "hmac-drbg": {
      "version": "1.0.1",
      "resolved": "https://registry.npmjs.org/hmac-drbg/-/hmac-drbg-1.0.1.tgz",
      "integrity": "sha1-0nRXAQJabHdabFRXk+1QL8DGSaE=",
      "requires": {
        "hash.js": "^1.0.3",
        "minimalistic-assert": "^1.0.0",
        "minimalistic-crypto-utils": "^1.0.1"
      }
    },
    "inherits": {
      "version": "2.0.4",
      "resolved": "https://registry.npmjs.org/inherits/-/inherits-2.0.4.tgz",
      "integrity": "sha512-k/vGaX4/Yla3WzyMCvTQOXYeIHvqOKtnqBduzTHpzpQZzAskKMhZ2K+EnBiSM9zGSoIFeMpXKxa4dYeZIQqewQ=="
    },
    "js-sha3": {
      "version": "0.5.7",
      "resolved": "https://registry.npmjs.org/js-sha3/-/js-sha3-0.5.7.tgz",
      "integrity": "sha1-DU/9gALVMzqrr0oj7tL2N0yfKOc="
    },
    "minimalistic-assert": {
      "version": "1.0.1",
      "resolved": "https://registry.npmjs.org/minimalistic-assert/-/minimalistic-assert-1.0.1.tgz",
      "integrity": "sha512-UtJcAD4yEaGtjPezWuO9wC4nwUnVH/8/Im3yEHQP4b67cXlD/Qr9hdITCU1xDbSEXg2XKNaP8jsReV7vQd00/A=="
    },
    "minimalistic-crypto-utils": {
      "version": "1.0.1",
      "resolved": "https://registry.npmjs.org/minimalistic-crypto-utils/-/minimalistic-crypto-utils-1.0.1.tgz",
      "integrity": "sha1-9sAMHAsIIkblxNmd+4x8CDsrWCo="
    },
    "scrypt-js": {
      "version": "3.0.1",
      "resolved": "https://registry.npmjs.org/scrypt-js/-/scrypt-js-3.0.1.tgz",
      "integrity": "sha512-cdwTTnqPu0Hyvf5in5asVdZocVDTNRmR7XEcJuIzMjJeSHybHl7vpB66AzwTaIg6CLSbtjcxc8fqcySfnTkccA=="
    },
    "ws": {
      "version": "7.2.3",
      "resolved": "https://registry.npmjs.org/ws/-/ws-7.2.3.tgz",
      "integrity": "sha512-HTDl9G9hbkNDk98naoR/cHDws7+EyYMOdL1BmjsZXRUjf7d+MficC4B7HLUPlSiho0vg+CWKrGIt/VJBd1xunQ=="
    }
  }
}
